github.com/vertgenlab/gonomics v0.0.0-20220706001122-04bbb75af335 h1:5uyz0spVBhVxP9Ztb2SGCjgyF87Ts929BkVZNqh1B9w=
github.com/vertgenlab/gonomics v0.0.0-20220706001122-04bbb75af335/go.mod h1:RaxcRybcD8qdv92oUS+z0eJvjdV7Hg1xg1H7468ptfA=
golang.org/x/exp v0.0.0-20220314205449-43aec2f8a4e7 h1:jynE66seADJbyWMUdeOyVTvPtBZt7L6LJHupGwxPZRM=
